
Microsoft Visual Studio Solution File, Format Version 12.00
# Visual Studio 15
VisualStudioVersion = 15.0.26730.16
MinimumVisualStudioVersion = 10.0.40219.1
Project("{9A19103F-16F7-4668-BE54-9A1E7A4F7556}") = "API", "API.csproj", "{755D9752-F6D2-43B3-92F5-AE8BCD8C711B}"
EndProject
Global
	GlobalSection(SolutionConfigurationPlatforms) = preSolution
		Debug|Any CPU = Debug|Any CPU
		Release|Any CPU = Release|Any CPU
	EndGlobalSection
	GlobalSection(ProjectConfigurationPlatforms) = postSolution
		{755D9752-F6D2-43B3-92F5-AE8BCD8C711B}.Debug|Any CPU.ActiveCfg = Debug|Any CPU
		{755D9752-F6D2-43B3-92F5-AE8BCD8C711B}.Debug|Any CPU.Build.0 = Debug|Any CPU
		{755D9752-F6D2-43B3-92F5-AE8BCD8C711B}.Release|Any CPU.ActiveCfg = Release|Any CPU
		{755D9752-F6D2-43B3-92F5-AE8BCD8C711B}.Release|Any CPU.Build.0 = Release|Any CPU
	EndGlobalSection
	GlobalSection(SolutionProperties) = preSolution
		HideSolutionNode = FALSE
	EndGlobalSection
	GlobalSection(ExtensibilityGlobals) = postSolution
		SolutionGuid = {D504C9B0-8E0D-43F4-8EE3-6448790DEFA4}
	EndGlobalSection
EndGlobal
